
Microsoft Visual Studio Solution File, Format Version 12.00
# Visual Studio Version 17
VisualStudioVersion = 17.1.32328.378
MinimumVisualStudioVersion = 10.0.40219.1
Project("{9A19103F-16F7-4668-BE54-9A1E7A4F7556}") = "MiCalculadora", "MiCalculadora\MiCalculadora.csproj", "{799D4031-69A7-4B5D-964B-256C13E1C1FD}"
	ProjectSection(ProjectDependencies) = postProject
		{783A23A3-9050-49A7-B464-43FE24B9BDB4} = {783A23A3-9050-49A7-B464-43FE24B9BDB4}
	EndProjectSection
EndProject
Project("{9A19103F-16F7-4668-BE54-9A1E7A4F7556}") = "Entidades", "Entidades\Entidades.csproj", "{783A23A3-9050-49A7-B464-43FE24B9BDB4}"
EndProject
Global
	GlobalSection(SolutionConfigurationPlatforms) = preSolution
		Debug|Any CPU = Debug|Any CPU
		Release|Any CPU = Release|Any CPU
	EndGlobalSection
	GlobalSection(ProjectConfigurationPlatforms) = postSolution
		{799D4031-69A7-4B5D-964B-256C13E1C1FD}.Debug|Any CPU.ActiveCfg = Debug|Any CPU
		{799D4031-69A7-4B5D-964B-256C13E1C1FD}.Debug|Any CPU.Build.0 = Debug|Any CPU
		{799D4031-69A7-4B5D-964B-256C13E1C1FD}.Release|Any CPU.ActiveCfg = Release|Any CPU
		{799D4031-69A7-4B5D-964B-256C13E1C1FD}.Release|Any CPU.Build.0 = Release|Any CPU
		{783A23A3-9050-49A7-B464-43FE24B9BDB4}.Debug|Any CPU.ActiveCfg = Debug|Any CPU
		{783A23A3-9050-49A7-B464-43FE24B9BDB4}.Debug|Any CPU.Build.0 = Debug|Any CPU
		{783A23A3-9050-49A7-B464-43FE24B9BDB4}.Release|Any CPU.ActiveCfg = Release|Any CPU
		{783A23A3-9050-49A7-B464-43FE24B9BDB4}.Release|Any CPU.Build.0 = Release|Any CPU
	EndGlobalSection
	GlobalSection(SolutionProperties) = preSolution
		HideSolutionNode = FALSE
	EndGlobalSection
	GlobalSection(ExtensibilityGlobals) = postSolution
		SolutionGuid = {B8164F45-2A10-4AE8-993D-B99847EA688C}
	EndGlobalSection
EndGlobal
